
Microsoft Visual Studio Solution File, Format Version 12.00
# Visual Studio Version 16
VisualStudioVersion = 16.0.31410.357
MinimumVisualStudioVersion = 10.0.40219.1
Project("{FAE04EC0-301F-11D3-BF4B-00C04F79EFBC}") = "WebApplication2", "WebApplication2\WebApplication2.csproj", "{1A2B9EC7-1543-4C8C-B9E0-3C0A754336AB}"
EndProject
Global
	GlobalSection(SolutionConfigurationPlatforms) = preSolution
		Debug|Any CPU = Debug|Any CPU
		Release|Any CPU = Release|Any CPU
	EndGlobalSection
	GlobalSection(ProjectConfigurationPlatforms) = postSolution
		{1A2B9EC7-1543-4C8C-B9E0-3C0A754336AB}.Debug|Any CPU.ActiveCfg = Debug|Any CPU
		{1A2B9EC7-1543-4C8C-B9E0-3C0A754336AB}.Debug|Any CPU.Build.0 = Debug|Any CPU
		{1A2B9EC7-1543-4C8C-B9E0-3C0A754336AB}.Release|Any CPU.ActiveCfg = Release|Any CPU
		{1A2B9EC7-1543-4C8C-B9E0-3C0A754336AB}.Release|Any CPU.Build.0 = Release|Any CPU
	EndGlobalSection
	GlobalSection(SolutionProperties) = preSolution
		HideSolutionNode = FALSE
	EndGlobalSection
	GlobalSection(ExtensibilityGlobals) = postSolution
		SolutionGuid = {8DF8D1B3-4027-4F69-85ED-76A4E7F54227}
	EndGlobalSection
EndGlobal
